
Microsoft Visual Studio Solution File, Format Version 12.00
# Visual Studio Version 16
VisualStudioVersion = 25.0.1706.0
MinimumVisualStudioVersion = 10.0.40219.1
Project("{FAE04EC0-301F-11D3-BF4B-00C04F79EFBC}") = "VirtualVendingMachine", "VirtualVendingMachine.csproj", "{9ED98724-7C5C-425C-8150-DDCC6AB85660}"
EndProject
Global
	GlobalSection(SolutionConfigurationPlatforms) = preSolution
		Debug|Any CPU = Debug|Any CPU
		Release|Any CPU = Release|Any CPU
	EndGlobalSection
	GlobalSection(ProjectConfigurationPlatforms) = postSolution
		{9ED98724-7C5C-425C-8150-DDCC6AB85660}.Debug|Any CPU.ActiveCfg = Debug|Any CPU
		{9ED98724-7C5C-425C-8150-DDCC6AB85660}.Debug|Any CPU.Build.0 = Debug|Any CPU
		{9ED98724-7C5C-425C-8150-DDCC6AB85660}.Release|Any CPU.ActiveCfg = Release|Any CPU
		{9ED98724-7C5C-425C-8150-DDCC6AB85660}.Release|Any CPU.Build.0 = Release|Any CPU
	EndGlobalSection
	GlobalSection(SolutionProperties) = preSolution
		HideSolutionNode = FALSE
	EndGlobalSection
	GlobalSection(ExtensibilityGlobals) = postSolution
		SolutionGuid = {CAEC6557-FA71-455A-B3A2-5E8E6E1EC7CA}
	EndGlobalSection
EndGlobal
